# This file is automatically @generated by Cargo.
# It is not intended for manual editing.
version = 4

[[package]]
name = "txtodo-cli"
version = "0.0.0"
dependencies = [
 "txtodo-core",
 "txtodo-proto",
]

[[package]]
name = "txtodo-core"
version = "0.0.0"

[[package]]
name = "txtodo-crdt"
version = "0.0.0"
dependencies = [
 "txtodo-core",
 "txtodo-model",
 "txtodo-store",
]

[[package]]
name = "txtodo-daemon"
version = "0.0.0"
dependencies = [
 "txtodo-core",
 "txtodo-crdt",
 "txtodo-mcp",
 "txtodo-model",
 "txtodo-proto",
 "txtodo-query",
 "txtodo-store",
 "txtodo-sync",
]

[[package]]
name = "txtodo-ffi"
version = "0.0.0"
dependencies = [
 "txtodo-core",
 "txtodo-query",
]

[[package]]
name = "txtodo-mcp"
version = "0.0.0"
dependencies = [
 "txtodo-proto",
 "txtodo-query",
]

[[package]]
name = "txtodo-model"
version = "0.0.0"
dependencies = [
 "txtodo-core",
]

[[package]]
name = "txtodo-proto"
version = "0.0.0"

[[package]]
name = "txtodo-query"
version = "0.0.0"
dependencies = [
 "txtodo-core",
]

[[package]]
name = "txtodo-store"
version = "0.0.0"
dependencies = [
 "txtodo-model",
]

[[package]]
name = "txtodo-sync"
version = "0.0.0"
dependencies = [
 "txtodo-model",
 "txtodo-store",
]

[[package]]
name = "txtodo-tui"
version = "0.0.0"
dependencies = [
 "txtodo-core",
 "txtodo-proto",
]
